
Microsoft Visual Studio Solution File, Format Version 12.00
# Visual Studio Version 17
VisualStudioVersion = 17.6.33712.159
MinimumVisualStudioVersion = 10.0.40219.1
Project("{FAE04EC0-301F-11D3-BF4B-00C04F79EFBC}") = "chat-system-server", "chat-system-server.csproj", "{AADBD5D5-B56D-4F5D-AFE4-6B97A4AD7FF8}"
EndProject
Global
	GlobalSection(SolutionConfigurationPlatforms) = preSolution
		Debug|Any CPU = Debug|Any CPU
		Release|Any CPU = Release|Any CPU
	EndGlobalSection
	GlobalSection(ProjectConfigurationPlatforms) = postSolution
		{AADBD5D5-B56D-4F5D-AFE4-6B97A4AD7FF8}.Debug|Any CPU.ActiveCfg = Debug|Any CPU
		{AADBD5D5-B56D-4F5D-AFE4-6B97A4AD7FF8}.Debug|Any CPU.Build.0 = Debug|Any CPU
		{AADBD5D5-B56D-4F5D-AFE4-6B97A4AD7FF8}.Release|Any CPU.ActiveCfg = Release|Any CPU
		{AADBD5D5-B56D-4F5D-AFE4-6B97A4AD7FF8}.Release|Any CPU.Build.0 = Release|Any CPU
	EndGlobalSection
	GlobalSection(SolutionProperties) = preSolution
		HideSolutionNode = FALSE
	EndGlobalSection
	GlobalSection(ExtensibilityGlobals) = postSolution
		SolutionGuid = {8C112413-42A0-44E1-A581-4388FEA43BFD}
	EndGlobalSection
EndGlobal
